
Microsoft Visual Studio Solution File, Format Version 12.00
# Visual Studio Version 17
VisualStudioVersion = 17.6.33815.320
MinimumVisualStudioVersion = 10.0.40219.1
Project("{FAE04EC0-301F-11D3-BF4B-00C04F79EFBC}") = "ConsoleApp2", "ConsoleApp2\ConsoleApp2.csproj", "{9FFAFED1-06E6-467B-A7A8-54B6C35D1163}"
EndProject
Global
	GlobalSection(SolutionConfigurationPlatforms) = preSolution
		Debug|Any CPU = Debug|Any CPU
		Release|Any CPU = Release|Any CPU
	EndGlobalSection
	GlobalSection(ProjectConfigurationPlatforms) = postSolution
		{9FFAFED1-06E6-467B-A7A8-54B6C35D1163}.Debug|Any CPU.ActiveCfg = Debug|Any CPU
		{9FFAFED1-06E6-467B-A7A8-54B6C35D1163}.Debug|Any CPU.Build.0 = Debug|Any CPU
		{9FFAFED1-06E6-467B-A7A8-54B6C35D1163}.Release|Any CPU.ActiveCfg = Release|Any CPU
		{9FFAFED1-06E6-467B-A7A8-54B6C35D1163}.Release|Any CPU.Build.0 = Release|Any CPU
	EndGlobalSection
	GlobalSection(SolutionProperties) = preSolution
		HideSolutionNode = FALSE
	EndGlobalSection
	GlobalSection(ExtensibilityGlobals) = postSolution
		SolutionGuid = {CA784B95-0D2E-47F8-838A-4FFCC2C5A949}
	EndGlobalSection
EndGlobal
